
Microsoft Visual Studio Solution File, Format Version 12.00
# Visual Studio Version 16
VisualStudioVersion = 16.0.31624.102
MinimumVisualStudioVersion = 10.0.40219.1
Project("{FAE04EC0-301F-11D3-BF4B-00C04F79EFBC}") = "LaptopWorldStore", "LaptopWorldStore\LaptopWorldStore.csproj", "{BC8DF8F8-5C36-4469-B90C-2B46D2DC31E7}"
EndProject
Global
	GlobalSection(SolutionConfigurationPlatforms) = preSolution
		Debug|Any CPU = Debug|Any CPU
		Release|Any CPU = Release|Any CPU
	EndGlobalSection
	GlobalSection(ProjectConfigurationPlatforms) = postSolution
		{BC8DF8F8-5C36-4469-B90C-2B46D2DC31E7}.Debug|Any CPU.ActiveCfg = Debug|Any CPU
		{BC8DF8F8-5C36-4469-B90C-2B46D2DC31E7}.Debug|Any CPU.Build.0 = Debug|Any CPU
		{BC8DF8F8-5C36-4469-B90C-2B46D2DC31E7}.Release|Any CPU.ActiveCfg = Release|Any CPU
		{BC8DF8F8-5C36-4469-B90C-2B46D2DC31E7}.Release|Any CPU.Build.0 = Release|Any CPU
	EndGlobalSection
	GlobalSection(SolutionProperties) = preSolution
		HideSolutionNode = FALSE
	EndGlobalSection
	GlobalSection(ExtensibilityGlobals) = postSolution
		SolutionGuid = {F6347A9D-574C-47B8-A7AA-22273BD05AE0}
	EndGlobalSection
EndGlobal
